
Microsoft Visual Studio Solution File, Format Version 11.00
# Visual Studio 2010
Project("{FAE04EC0-301F-11D3-BF4B-00C04F79EFBC}") = "Register", "Register\Register.csproj", "{57C9FB81-2EE6-4738-B6BC-A7068227B21D}"
EndProject
Project("{F184B08F-C81C-45F6-A57F-5ABD9991F28F}") = "VBRegister", "VBRegister\VBRegister.vbproj", "{43D06332-062B-4677-BBB8-45F715C3BDA2}"
EndProject
Project("{FAE04EC0-301F-11D3-BF4B-00C04F79EFBC}") = "Register2", "Register2\Register2.csproj", "{AD6FBC5E-1957-4CB0-8072-7BF032533774}"
EndProject
Project("{F184B08F-C81C-45F6-A57F-5ABD9991F28F}") = "VBRegister2", "VBRegister2\VBRegister2.vbproj", "{E5D1DDD0-3526-4249-A7F5-4F6F2B04A0FB}"
EndProject
Project("{FAE04EC0-301F-11D3-BF4B-00C04F79EFBC}") = "RegisterAdvanced", "RegisterAdvanced\RegisterAdvanced.csproj", "{935CD8B1-8F9A-41B9-A216-CA14346B887B}"
EndProject
Project("{F184B08F-C81C-45F6-A57F-5ABD9991F28F}") = "VBRegisterAdvanced", "VBRegisterAdvanced\VBRegisterAdvanced.vbproj", "{8F65E56F-3E6A-40D9-8D2B-6CD246006AAE}"
EndProject
Project("{FAE04EC0-301F-11D3-BF4B-00C04F79EFBC}") = "Unregister", "Unregister\Unregister.csproj", "{15B1F3AE-C90B-402B-B66D-6AF364C1AB02}"
EndProject
Project("{F184B08F-C81C-45F6-A57F-5ABD9991F28F}") = "VBUnregister", "VBUnregister\VBUnregister.vbproj", "{3D8C7FD0-5FC9-4C27-B10F-08362DAE86E0}"
EndProject
Project("{FAE04EC0-301F-11D3-BF4B-00C04F79EFBC}") = "GetRegisteredContacts", "GetRegisteredContacts\GetRegisteredContacts.csproj", "{215E8523-92C7-4FF5-83CB-F72A511F1641}"
EndProject
Project("{F184B08F-C81C-45F6-A57F-5ABD9991F28F}") = "VBGetRegisteredContacts", "VBGetRegisteredContacts\VBGetRegisteredContacts.vbproj", "{989EA92B-ED45-415A-8D77-A4EFA67C76A3}"
EndProject
Project("{FAE04EC0-301F-11D3-BF4B-00C04F79EFBC}") = "Invite", "Invite\Invite.csproj", "{6B3CAFBA-F48A-4171-917D-974CA9FCB9DD}"
EndProject
Project("{F184B08F-C81C-45F6-A57F-5ABD9991F28F}") = "VBInvite", "VBInvite\VBInvite.vbproj", "{2B5FDE7D-FE6C-49E1-A9E3-41A2A5545077}"
EndProject
Project("{FAE04EC0-301F-11D3-BF4B-00C04F79EFBC}") = "InviteAdvanced", "InviteAdvanced\InviteAdvanced.csproj", "{FAD0E340-A717-46F5-9AB5-006CC4B63C4F}"
EndProject
Project("{F184B08F-C81C-45F6-A57F-5ABD9991F28F}") = "VBInviteAdvanced", "VBInviteAdvanced\VBInviteAdvanced.vbproj", "{D98E27E6-6E54-48C2-91C7-ACA861997EA4}"
EndProject
Project("{FAE04EC0-301F-11D3-BF4B-00C04F79EFBC}") = "EndSession", "EndSession\EndSession.csproj", "{A0C5A494-2DAA-4364-88E6-42EC94F5DEBD}"
EndProject
Project("{F184B08F-C81C-45F6-A57F-5ABD9991F28F}") = "VBEndSession", "VBEndSession\VBEndSession.vbproj", "{A7BACA49-5D04-4C6D-BA7D-A975A3E4993A}"
EndProject
Project("{FAE04EC0-301F-11D3-BF4B-00C04F79EFBC}") = "Cancel", "Cancel\Cancel.csproj", "{5EC43BF3-95D3-4FB6-AA16-5F1B5ED4A4FA}"
EndProject
Project("{F184B08F-C81C-45F6-A57F-5ABD9991F28F}") = "VBCancel", "VBCancel\VBCancel.vbproj", "{7B598932-10CE-46D1-9B7A-52CE7FB41663}"
EndProject
Project("{FAE04EC0-301F-11D3-BF4B-00C04F79EFBC}") = "Reinvite", "Reinvite\Reinvite.csproj", "{57AB25EB-F57E-4157-B7BC-06B3DC70C272}"
EndProject
Project("{F184B08F-C81C-45F6-A57F-5ABD9991F28F}") = "VBReinvite", "VBReinvite\VBReinvite.vbproj", "{D05D72A9-6C97-4F3B-8670-064DE5B22AB5}"
EndProject
Project("{FAE04EC0-301F-11D3-BF4B-00C04F79EFBC}") = "ReinviteAdvanced", "ReinviteAdvanced\ReinviteAdvanced.csproj", "{E5FBD207-7C94-46C8-8003-011AAED08BA9}"
EndProject
Project("{F184B08F-C81C-45F6-A57F-5ABD9991F28F}") = "VBReinviteAdvanced", "VBReinviteAdvanced\VBReinviteAdvanced.vbproj", "{1732950C-58C4-4C06-B786-FCEDAF1C9D15}"
EndProject
Project("{FAE04EC0-301F-11D3-BF4B-00C04F79EFBC}") = "SendInfo", "SendInfo\SendInfo.csproj", "{EE1DE0FF-03E0-4FAD-8C1F-3E593BDA3A76}"
EndProject
Project("{F184B08F-C81C-45F6-A57F-5ABD9991F28F}") = "VBSendInfo", "VBSendInfo\VBSendInfo.vbproj", "{87920022-FAE0-4FFD-B581-B462A5007746}"
EndProject
Project("{FAE04EC0-301F-11D3-BF4B-00C04F79EFBC}") = "SendInfoAdvanced", "SendInfoAdvanced\SendInfoAdvanced.csproj", "{57F03CF6-A28E-4319-91A5-A5D5B04502D9}"
EndProject
Project("{F184B08F-C81C-45F6-A57F-5ABD9991F28F}") = "VBSendInfoAdvanced", "VBSendInfoAdvanced\VBSendInfoAdvanced.vbproj", "{631D1C6C-A09F-4408-B23C-632109EB4C89}"
EndProject
Project("{FAE04EC0-301F-11D3-BF4B-00C04F79EFBC}") = "AcceptInviteAdvanced", "AcceptInviteAdvanced\AcceptInviteAdvanced.csproj", "{46A1416B-E8E3-4CC0-9C66-9006E683FC31}"
EndProject
Project("{F184B08F-C81C-45F6-A57F-5ABD9991F28F}") = "VBAcceptInviteAdvanced", "VBAcceptInviteAdvanced\VBAcceptInviteAdvanced.vbproj", "{889A3119-B67B-4BDA-99E1-C9E0D116113D}"
EndProject
Project("{FAE04EC0-301F-11D3-BF4B-00C04F79EFBC}") = "SendMessage", "SendMessage\SendMessage.csproj", "{767D9741-1D2C-442C-A04B-A19441735A83}"
EndProject
Project("{F184B08F-C81C-45F6-A57F-5ABD9991F28F}") = "VBSendMessage", "VBSendMessage\VBSendMessage.vbproj", "{E62E811D-A401-4105-8D02-612633B14907}"
EndProject
Project("{FAE04EC0-301F-11D3-BF4B-00C04F79EFBC}") = "SendMessageAdvanced", "SendMessageAdvanced\SendMessageAdvanced.csproj", "{9F4A16B6-AE87-424B-A082-7BFF55152A4E}"
EndProject
Project("{F184B08F-C81C-45F6-A57F-5ABD9991F28F}") = "VBSendMessageAdvanced", "VBSendMessageAdvanced\VBSendMessageAdvanced.vbproj", "{A97BE38A-4BEF-4692-A1EB-844EE9F47BF0}"
EndProject
Project("{FAE04EC0-301F-11D3-BF4B-00C04F79EFBC}") = "Subscribe", "Subscribe\Subscribe.csproj", "{DBBCD68C-1FFC-450F-B206-5459A16383B2}"
EndProject
Project("{F184B08F-C81C-45F6-A57F-5ABD9991F28F}") = "VBSubscribe", "VBSubscribe\VBSubscribe.vbproj", "{C9DC4F8C-9CE7-468A-A097-5B4DCBA3D6C6}"
EndProject
Project("{FAE04EC0-301F-11D3-BF4B-00C04F79EFBC}") = "SubscribeAdvanced", "SubscribeAdvanced\SubscribeAdvanced.csproj", "{7209AF70-48B2-4E9A-970F-991C57545FCC}"
EndProject
Project("{FAE04EC0-301F-11D3-BF4B-00C04F79EFBC}") = "CallControl1", "CallControl1\CallControl1.csproj", "{573E6C30-523E-4662-9F28-4E21E5FCA95D}"
EndProject
Project("{F184B08F-C81C-45F6-A57F-5ABD9991F28F}") = "VBCallControl1", "VBCallControl1\VBCallControl1.vbproj", "{1EC0AB40-1E42-4F1A-AB71-2FDC1C417F68}"
EndProject
Project("{FAE04EC0-301F-11D3-BF4B-00C04F79EFBC}") = "CallControl2", "CallControl2\CallControl2.csproj", "{0C07BA28-327F-4674-B5B1-5438B492281B}"
EndProject
Project("{F184B08F-C81C-45F6-A57F-5ABD9991F28F}") = "VBCallControl2", "VBCallControl2\VBCallControl2.vbproj", "{B75B5760-7398-44BF-B89A-191688BAD5C7}"
EndProject
Project("{FAE04EC0-301F-11D3-BF4B-00C04F79EFBC}") = "GetOptions", "GetOptions\GetOptions.csproj", "{791846D5-A5E4-4A7D-898B-DE8B10116463}"
EndProject
Project("{F184B08F-C81C-45F6-A57F-5ABD9991F28F}") = "VBGetOptions", "VBGetOptions\VBGetOptions.vbproj", "{00C7AC21-4472-438B-BAA5-B314436FCEAD}"
EndProject
Project("{FAE04EC0-301F-11D3-BF4B-00C04F79EFBC}") = "GetOptionsAdvanced", "GetOptionsAdvanced\GetOptionsAdvanced.csproj", "{493B8EA0-E1F9-450F-84C5-62252375A52C}"
EndProject
Project("{F184B08F-C81C-45F6-A57F-5ABD9991F28F}") = "VBGetOptionsAdvanced", "VBGetOptionsAdvanced\VBGetOptionsAdvanced.vbproj", "{C6404286-E20E-4274-8C59-8ACC5343B853}"
EndProject
Project("{F184B08F-C81C-45F6-A57F-5ABD9991F28F}") = "VBSubscribeAdvanced", "VBSubscribeAdvanced\VBSubscribeAdvanced.vbproj", "{5A323D8A-51C1-4CE9-8406-025B7A61866B}"
EndProject
Project("{FAE04EC0-301F-11D3-BF4B-00C04F79EFBC}") = "ConferenceCall", "ConferenceCall\ConferenceCall.csproj", "{CD46FE4A-DA42-4A05-A23C-F1CE6D393D22}"
EndProject
Project("{F184B08F-C81C-45F6-A57F-5ABD9991F28F}") = "VBConferenceCall", "VBConferenceCall\VBConferenceCall.vbproj", "{F027EEF4-062A-478C-8897-2AC0174001EB}"
EndProject
Project("{FAE04EC0-301F-11D3-BF4B-00C04F79EFBC}") = "WebApplication", "WebApplication\WebApplication.csproj", "{E262443E-224C-43F3-8389-C643F99D6C80}"
EndProject
Project("{F184B08F-C81C-45F6-A57F-5ABD9991F28F}") = "VBWebApplication", "VBWebApplication\VBWebApplication.vbproj", "{F2865C0F-0C60-4823-A37A-84823F2046DD}"
EndProject
Project("{FAE04EC0-301F-11D3-BF4B-00C04F79EFBC}") = "CallHold", "CallHold\CallHold.csproj", "{E3F07FBC-C2AE-4ABC-975D-CE81F98CB566}"
EndProject
Project("{FAE04EC0-301F-11D3-BF4B-00C04F79EFBC}") = "CallTransfer", "CallTransfer\CallTransfer.csproj", "{B3838A37-8DE3-489F-83EC-4E8DD21283E2}"
EndProject
Project("{F184B08F-C81C-45F6-A57F-5ABD9991F28F}") = "VBCallHold", "VBCallHold\VBCallHold.vbproj", "{55935961-6486-4CDF-A263-FF0BD957E5A1}"
EndProject
Project("{F184B08F-C81C-45F6-A57F-5ABD9991F28F}") = "VBCallTransfer", "VBCallTransfer\VBCallTransfer.vbproj", "{D1304E80-5D8E-4D9A-AADD-CA43A6C44EF1}"
EndProject
Project("{FAE04EC0-301F-11D3-BF4B-00C04F79EFBC}") = "PC2PCMessenger", "PC2PCMessenger\PC2PCMessenger.csproj", "{2CCE7801-5E1F-4E05-AA54-AA5C15F9E19B}"
EndProject
Project("{F184B08F-C81C-45F6-A57F-5ABD9991F28F}") = "VBPC2PCMessenger", "VBPC2PCMessenger\VBPC2PCMessenger.vbproj", "{ADAC24BB-0FC1-4325-8C4C-2AD542ABDD16}"
EndProject
Project("{FAE04EC0-301F-11D3-BF4B-00C04F79EFBC}") = "Publish", "Publish\Publish.csproj", "{6B3DC522-C6CB-4558-9332-576AFD8903CE}"
EndProject
Project("{F184B08F-C81C-45F6-A57F-5ABD9991F28F}") = "VBPublish", "VBPublish\VBPublish.vbproj", "{16437113-001B-4A53-A9EC-67B6E6DAF42F}"
EndProject
Global
	GlobalSection(SolutionConfigurationPlatforms) = preSolution
		Debug|Any CPU = Debug|Any CPU
		Release|Any CPU = Release|Any CPU
	EndGlobalSection
	GlobalSection(ProjectConfigurationPlatforms) = postSolution
		{57C9FB81-2EE6-4738-B6BC-A7068227B21D}.Debug|Any CPU.ActiveCfg = Debug|Any CPU
		{57C9FB81-2EE6-4738-B6BC-A7068227B21D}.Debug|Any CPU.Build.0 = Debug|Any CPU
		{57C9FB81-2EE6-4738-B6BC-A7068227B21D}.Release|Any CPU.ActiveCfg = Release|Any CPU
		{57C9FB81-2EE6-4738-B6BC-A7068227B21D}.Release|Any CPU.Build.0 = Release|Any CPU
		{43D06332-062B-4677-BBB8-45F715C3BDA2}.Debug|Any CPU.ActiveCfg = Debug|Any CPU
		{43D06332-062B-4677-BBB8-45F715C3BDA2}.Debug|Any CPU.Build.0 = Debug|Any CPU
		{43D06332-062B-4677-BBB8-45F715C3BDA2}.Release|Any CPU.ActiveCfg = Release|Any CPU
		{43D06332-062B-4677-BBB8-45F715C3BDA2}.Release|Any CPU.Build.0 = Release|Any CPU
		{AD6FBC5E-1957-4CB0-8072-7BF032533774}.Debug|Any CPU.ActiveCfg = Debug|Any CPU
		{AD6FBC5E-1957-4CB0-8072-7BF032533774}.Debug|Any CPU.Build.0 = Debug|Any CPU
		{AD6FBC5E-1957-4CB0-8072-7BF032533774}.Release|Any CPU.ActiveCfg = Release|Any CPU
		{AD6FBC5E-1957-4CB0-8072-7BF032533774}.Release|Any CPU.Build.0 = Release|Any CPU
		{E5D1DDD0-3526-4249-A7F5-4F6F2B04A0FB}.Debug|Any CPU.ActiveCfg = Debug|Any CPU
		{E5D1DDD0-3526-4249-A7F5-4F6F2B04A0FB}.Debug|Any CPU.Build.0 = Debug|Any CPU
		{E5D1DDD0-3526-4249-A7F5-4F6F2B04A0FB}.Release|Any CPU.ActiveCfg = Release|Any CPU
		{E5D1DDD0-3526-4249-A7F5-4F6F2B04A0FB}.Release|Any CPU.Build.0 = Release|Any CPU
		{935CD8B1-8F9A-41B9-A216-CA14346B887B}.Debug|Any CPU.ActiveCfg = Debug|Any CPU
		{935CD8B1-8F9A-41B9-A216-CA14346B887B}.Debug|Any CPU.Build.0 = Debug|Any CPU
		{935CD8B1-8F9A-41B9-A216-CA14346B887B}.Release|Any CPU.ActiveCfg = Release|Any CPU
		{935CD8B1-8F9A-41B9-A216-CA14346B887B}.Release|Any CPU.Build.0 = Release|Any CPU
		{8F65E56F-3E6A-40D9-8D2B-6CD246006AAE}.Debug|Any CPU.ActiveCfg = Debug|Any CPU
		{8F65E56F-3E6A-40D9-8D2B-6CD246006AAE}.Debug|Any CPU.Build.0 = Debug|Any CPU
		{8F65E56F-3E6A-40D9-8D2B-6CD246006AAE}.Release|Any CPU.ActiveCfg = Release|Any CPU
		{8F65E56F-3E6A-40D9-8D2B-6CD246006AAE}.Release|Any CPU.Build.0 = Release|Any CPU
		{15B1F3AE-C90B-402B-B66D-6AF364C1AB02}.Debug|Any CPU.ActiveCfg = Debug|Any CPU
		{15B1F3AE-C90B-402B-B66D-6AF364C1AB02}.Debug|Any CPU.Build.0 = Debug|Any CPU
		{15B1F3AE-C90B-402B-B66D-6AF364C1AB02}.Release|Any CPU.ActiveCfg = Release|Any CPU
		{15B1F3AE-C90B-402B-B66D-6AF364C1AB02}.Release|Any CPU.Build.0 = Release|Any CPU
		{3D8C7FD0-5FC9-4C27-B10F-08362DAE86E0}.Debug|Any CPU.ActiveCfg = Debug|Any CPU
		{3D8C7FD0-5FC9-4C27-B10F-08362DAE86E0}.Debug|Any CPU.Build.0 = Debug|Any CPU
		{3D8C7FD0-5FC9-4C27-B10F-08362DAE86E0}.Release|Any CPU.ActiveCfg = Release|Any CPU
		{3D8C7FD0-5FC9-4C27-B10F-08362DAE86E0}.Release|Any CPU.Build.0 = Release|Any CPU
		{215E8523-92C7-4FF5-83CB-F72A511F1641}.Debug|Any CPU.ActiveCfg = Debug|Any CPU
		{215E8523-92C7-4FF5-83CB-F72A511F1641}.Debug|Any CPU.Build.0 = Debug|Any CPU
		{215E8523-92C7-4FF5-83CB-F72A511F1641}.Release|Any CPU.ActiveCfg = Release|Any CPU
		{215E8523-92C7-4FF5-83CB-F72A511F1641}.Release|Any CPU.Build.0 = Release|Any CPU
		{989EA92B-ED45-415A-8D77-A4EFA67C76A3}.Debug|Any CPU.ActiveCfg = Debug|Any CPU
		{989EA92B-ED45-415A-8D77-A4EFA67C76A3}.Debug|Any CPU.Build.0 = Debug|Any CPU
		{989EA92B-ED45-415A-8D77-A4EFA67C76A3}.Release|Any CPU.ActiveCfg = Release|Any CPU
		{989EA92B-ED45-415A-8D77-A4EFA67C76A3}.Release|Any CPU.Build.0 = Release|Any CPU
		{6B3CAFBA-F48A-4171-917D-974CA9FCB9DD}.Debug|Any CPU.ActiveCfg = Debug|Any CPU
		{6B3CAFBA-F48A-4171-917D-974CA9FCB9DD}.Debug|Any CPU.Build.0 = Debug|Any CPU
		{6B3CAFBA-F48A-4171-917D-974CA9FCB9DD}.Release|Any CPU.ActiveCfg = Release|Any CPU
		{6B3CAFBA-F48A-4171-917D-974CA9FCB9DD}.Release|Any CPU.Build.0 = Release|Any CPU
		{2B5FDE7D-FE6C-49E1-A9E3-41A2A5545077}.Debug|Any CPU.ActiveCfg = Debug|Any CPU
		{2B5FDE7D-FE6C-49E1-A9E3-41A2A5545077}.Debug|Any CPU.Build.0 = Debug|Any CPU
		{2B5FDE7D-FE6C-49E1-A9E3-41A2A5545077}.Release|Any CPU.ActiveCfg = Release|Any CPU
		{2B5FDE7D-FE6C-49E1-A9E3-41A2A5545077}.Release|Any CPU.Build.0 = Release|Any CPU
		{FAD0E340-A717-46F5-9AB5-006CC4B63C4F}.Debug|Any CPU.ActiveCfg = Debug|Any CPU
		{FAD0E340-A717-46F5-9AB5-006CC4B63C4F}.Debug|Any CPU.Build.0 = Debug|Any CPU
		{FAD0E340-A717-46F5-9AB5-006CC4B63C4F}.Release|Any CPU.ActiveCfg = Release|Any CPU
		{FAD0E340-A717-46F5-9AB5-006CC4B63C4F}.Release|Any CPU.Build.0 = Release|Any CPU
		{D98E27E6-6E54-48C2-91C7-ACA861997EA4}.Debug|Any CPU.ActiveCfg = Debug|Any CPU
		{D98E27E6-6E54-48C2-91C7-ACA861997EA4}.Debug|Any CPU.Build.0 = Debug|Any CPU
		{D98E27E6-6E54-48C2-91C7-ACA861997EA4}.Release|Any CPU.ActiveCfg = Release|Any CPU
		{D98E27E6-6E54-48C2-91C7-ACA861997EA4}.Release|Any CPU.Build.0 = Release|Any CPU
		{A0C5A494-2DAA-4364-88E6-42EC94F5DEBD}.Debug|Any CPU.ActiveCfg = Debug|Any CPU
		{A0C5A494-2DAA-4364-88E6-42EC94F5DEBD}.Debug|Any CPU.Build.0 = Debug|Any CPU
		{A0C5A494-2DAA-4364-88E6-42EC94F5DEBD}.Release|Any CPU.ActiveCfg = Release|Any CPU
		{A0C5A494-2DAA-4364-88E6-42EC94F5DEBD}.Release|Any CPU.Build.0 = Release|Any CPU
		{A7BACA49-5D04-4C6D-BA7D-A975A3E4993A}.Debug|Any CPU.ActiveCfg = Debug|Any CPU
		{A7BACA49-5D04-4C6D-BA7D-A975A3E4993A}.Debug|Any CPU.Build.0 = Debug|Any CPU
		{A7BACA49-5D04-4C6D-BA7D-A975A3E4993A}.Release|Any CPU.ActiveCfg = Release|Any CPU
		{A7BACA49-5D04-4C6D-BA7D-A975A3E4993A}.Release|Any CPU.Build.0 = Release|Any CPU
		{5EC43BF3-95D3-4FB6-AA16-5F1B5ED4A4FA}.Debug|Any CPU.ActiveCfg = Debug|Any CPU
		{5EC43BF3-95D3-4FB6-AA16-5F1B5ED4A4FA}.Debug|Any CPU.Build.0 = Debug|Any CPU
		{5EC43BF3-95D3-4FB6-AA16-5F1B5ED4A4FA}.Release|Any CPU.ActiveCfg = Release|Any CPU
		{5EC43BF3-95D3-4FB6-AA16-5F1B5ED4A4FA}.Release|Any CPU.Build.0 = Release|Any CPU
		{7B598932-10CE-46D1-9B7A-52CE7FB41663}.Debug|Any CPU.ActiveCfg = Debug|Any CPU
		{7B598932-10CE-46D1-9B7A-52CE7FB41663}.Debug|Any CPU.Build.0 = Debug|Any CPU
		{7B598932-10CE-46D1-9B7A-52CE7FB41663}.Release|Any CPU.ActiveCfg = Release|Any CPU
		{7B598932-10CE-46D1-9B7A-52CE7FB41663}.Release|Any CPU.Build.0 = Release|Any CPU
		{57AB25EB-F57E-4157-B7BC-06B3DC70C272}.Debug|Any CPU.ActiveCfg = Debug|Any CPU
		{57AB25EB-F57E-4157-B7BC-06B3DC70C272}.Debug|Any CPU.Build.0 = Debug|Any CPU
		{57AB25EB-F57E-4157-B7BC-06B3DC70C272}.Release|Any CPU.ActiveCfg = Release|Any CPU
		{57AB25EB-F57E-4157-B7BC-06B3DC70C272}.Release|Any CPU.Build.0 = Release|Any CPU
		{D05D72A9-6C97-4F3B-8670-064DE5B22AB5}.Debug|Any CPU.ActiveCfg = Debug|Any CPU
		{D05D72A9-6C97-4F3B-8670-064DE5B22AB5}.Debug|Any CPU.Build.0 = Debug|Any CPU
		{D05D72A9-6C97-4F3B-8670-064DE5B22AB5}.Release|Any CPU.ActiveCfg = Release|Any CPU
		{D05D72A9-6C97-4F3B-8670-064DE5B22AB5}.Release|Any CPU.Build.0 = Release|Any CPU
		{E5FBD207-7C94-46C8-8003-011AAED08BA9}.Debug|Any CPU.ActiveCfg = Debug|Any CPU
		{E5FBD207-7C94-46C8-8003-011AAED08BA9}.Debug|Any CPU.Build.0 = Debug|Any CPU
		{E5FBD207-7C94-46C8-8003-011AAED08BA9}.Release|Any CPU.ActiveCfg = Release|Any CPU
		{E5FBD207-7C94-46C8-8003-011AAED08BA9}.Release|Any CPU.Build.0 = Release|Any CPU
		{1732950C-58C4-4C06-B786-FCEDAF1C9D15}.Debug|Any CPU.ActiveCfg = Debug|Any CPU
		{1732950C-58C4-4C06-B786-FCEDAF1C9D15}.Debug|Any CPU.Build.0 = Debug|Any CPU
		{1732950C-58C4-4C06-B786-FCEDAF1C9D15}.Release|Any CPU.ActiveCfg = Release|Any CPU
		{1732950C-58C4-4C06-B786-FCEDAF1C9D15}.Release|Any CPU.Build.0 = Release|Any CPU
		{EE1DE0FF-03E0-4FAD-8C1F-3E593BDA3A76}.Debug|Any CPU.ActiveCfg = Debug|Any CPU
		{EE1DE0FF-03E0-4FAD-8C1F-3E593BDA3A76}.Debug|Any CPU.Build.0 = Debug|Any CPU
		{EE1DE0FF-03E0-4FAD-8C1F-3E593BDA3A76}.Release|Any CPU.ActiveCfg = Release|Any CPU
		{EE1DE0FF-03E0-4FAD-8C1F-3E593BDA3A76}.Release|Any CPU.Build.0 = Release|Any CPU
		{87920022-FAE0-4FFD-B581-B462A5007746}.Debug|Any CPU.ActiveCfg = Debug|Any CPU
		{87920022-FAE0-4FFD-B581-B462A5007746}.Debug|Any CPU.Build.0 = Debug|Any CPU
		{87920022-FAE0-4FFD-B581-B462A5007746}.Release|Any CPU.ActiveCfg = Release|Any CPU
		{87920022-FAE0-4FFD-B581-B462A5007746}.Release|Any CPU.Build.0 = Release|Any CPU
		{57F03CF6-A28E-4319-91A5-A5D5B04502D9}.Debug|Any CPU.ActiveCfg = Debug|Any CPU
		{57F03CF6-A28E-4319-91A5-A5D5B04502D9}.Debug|Any CPU.Build.0 = Debug|Any CPU
		{57F03CF6-A28E-4319-91A5-A5D5B04502D9}.Release|Any CPU.ActiveCfg = Release|Any CPU
		{57F03CF6-A28E-4319-91A5-A5D5B04502D9}.Release|Any CPU.Build.0 = Release|Any CPU
		{631D1C6C-A09F-4408-B23C-632109EB4C89}.Debug|Any CPU.ActiveCfg = Debug|Any CPU
		{631D1C6C-A09F-4408-B23C-632109EB4C89}.Debug|Any CPU.Build.0 = Debug|Any CPU
		{631D1C6C-A09F-4408-B23C-632109EB4C89}.Release|Any CPU.ActiveCfg = Release|Any CPU
		{631D1C6C-A09F-4408-B23C-632109EB4C89}.Release|Any CPU.Build.0 = Release|Any CPU
		{46A1416B-E8E3-4CC0-9C66-9006E683FC31}.Debug|Any CPU.ActiveCfg = Debug|Any CPU
		{46A1416B-E8E3-4CC0-9C66-9006E683FC31}.Debug|Any CPU.Build.0 = Debug|Any CPU
		{46A1416B-E8E3-4CC0-9C66-9006E683FC31}.Release|Any CPU.ActiveCfg = Release|Any CPU
		{46A1416B-E8E3-4CC0-9C66-9006E683FC31}.Release|Any CPU.Build.0 = Release|Any CPU
		{889A3119-B67B-4BDA-99E1-C9E0D116113D}.Debug|Any CPU.ActiveCfg = Debug|Any CPU
		{889A3119-B67B-4BDA-99E1-C9E0D116113D}.Debug|Any CPU.Build.0 = Debug|Any CPU
		{889A3119-B67B-4BDA-99E1-C9E0D116113D}.Release|Any CPU.ActiveCfg = Release|Any CPU
		{889A3119-B67B-4BDA-99E1-C9E0D116113D}.Release|Any CPU.Build.0 = Release|Any CPU
		{767D9741-1D2C-442C-A04B-A19441735A83}.Debug|Any CPU.ActiveCfg = Debug|Any CPU
		{767D9741-1D2C-442C-A04B-A19441735A83}.Debug|Any CPU.Build.0 = Debug|Any CPU
		{767D9741-1D2C-442C-A04B-A19441735A83}.Release|Any CPU.ActiveCfg = Release|Any CPU
		{767D9741-1D2C-442C-A04B-A19441735A83}.Release|Any CPU.Build.0 = Release|Any CPU
		{E62E811D-A401-4105-8D02-612633B14907}.Debug|Any CPU.ActiveCfg = Debug|Any CPU
		{E62E811D-A401-4105-8D02-612633B14907}.Debug|Any CPU.Build.0 = Debug|Any CPU
		{E62E811D-A401-4105-8D02-612633B14907}.Release|Any CPU.ActiveCfg = Release|Any CPU
		{E62E811D-A401-4105-8D02-612633B14907}.Release|Any CPU.Build.0 = Release|Any CPU
		{9F4A16B6-AE87-424B-A082-7BFF55152A4E}.Debug|Any CPU.ActiveCfg = Debug|Any CPU
		{9F4A16B6-AE87-424B-A082-7BFF55152A4E}.Debug|Any CPU.Build.0 = Debug|Any CPU
		{9F4A16B6-AE87-424B-A082-7BFF55152A4E}.Release|Any CPU.ActiveCfg = Release|Any CPU
		{9F4A16B6-AE87-424B-A082-7BFF55152A4E}.Release|Any CPU.Build.0 = Release|Any CPU
		{A97BE38A-4BEF-4692-A1EB-844EE9F47BF0}.Debug|Any CPU.ActiveCfg = Debug|Any CPU
		{A97BE38A-4BEF-4692-A1EB-844EE9F47BF0}.Debug|Any CPU.Build.0 = Debug|Any CPU
		{A97BE38A-4BEF-4692-A1EB-844EE9F47BF0}.Release|Any CPU.ActiveCfg = Release|Any CPU
		{A97BE38A-4BEF-4692-A1EB-844EE9F47BF0}.Release|Any CPU.Build.0 = Release|Any CPU
		{DBBCD68C-1FFC-450F-B206-5459A16383B2}.Debug|Any CPU.ActiveCfg = Debug|Any CPU
		{DBBCD68C-1FFC-450F-B206-5459A16383B2}.Debug|Any CPU.Build.0 = Debug|Any CPU
		{DBBCD68C-1FFC-450F-B206-5459A16383B2}.Release|Any CPU.ActiveCfg = Release|Any CPU
		{DBBCD68C-1FFC-450F-B206-5459A16383B2}.Release|Any CPU.Build.0 = Release|Any CPU
		{C9DC4F8C-9CE7-468A-A097-5B4DCBA3D6C6}.Debug|Any CPU.ActiveCfg = Debug|Any CPU
		{C9DC4F8C-9CE7-468A-A097-5B4DCBA3D6C6}.Debug|Any CPU.Build.0 = Debug|Any CPU
		{C9DC4F8C-9CE7-468A-A097-5B4DCBA3D6C6}.Release|Any CPU.ActiveCfg = Release|Any CPU
		{C9DC4F8C-9CE7-468A-A097-5B4DCBA3D6C6}.Release|Any CPU.Build.0 = Release|Any CPU
		{7209AF70-48B2-4E9A-970F-991C57545FCC}.Debug|Any CPU.ActiveCfg = Debug|Any CPU
		{7209AF70-48B2-4E9A-970F-991C57545FCC}.Debug|Any CPU.Build.0 = Debug|Any CPU
		{7209AF70-48B2-4E9A-970F-991C57545FCC}.Release|Any CPU.ActiveCfg = Release|Any CPU
		{7209AF70-48B2-4E9A-970F-991C57545FCC}.Release|Any CPU.Build.0 = Release|Any CPU
		{573E6C30-523E-4662-9F28-4E21E5FCA95D}.Debug|Any CPU.ActiveCfg = Debug|Any CPU
		{573E6C30-523E-4662-9F28-4E21E5FCA95D}.Debug|Any CPU.Build.0 = Debug|Any CPU
		{573E6C30-523E-4662-9F28-4E21E5FCA95D}.Release|Any CPU.ActiveCfg = Release|Any CPU
		{573E6C30-523E-4662-9F28-4E21E5FCA95D}.Release|Any CPU.Build.0 = Release|Any CPU
		{1EC0AB40-1E42-4F1A-AB71-2FDC1C417F68}.Debug|Any CPU.ActiveCfg = Debug|Any CPU
		{1EC0AB40-1E42-4F1A-AB71-2FDC1C417F68}.Debug|Any CPU.Build.0 = Debug|Any CPU
		{1EC0AB40-1E42-4F1A-AB71-2FDC1C417F68}.Release|Any CPU.ActiveCfg = Release|Any CPU
		{1EC0AB40-1E42-4F1A-AB71-2FDC1C417F68}.Release|Any CPU.Build.0 = Release|Any CPU
		{0C07BA28-327F-4674-B5B1-5438B492281B}.Debug|Any CPU.ActiveCfg = Debug|Any CPU
		{0C07BA28-327F-4674-B5B1-5438B492281B}.Debug|Any CPU.Build.0 = Debug|Any CPU
		{0C07BA28-327F-4674-B5B1-5438B492281B}.Release|Any CPU.ActiveCfg = Release|Any CPU
		{0C07BA28-327F-4674-B5B1-5438B492281B}.Release|Any CPU.Build.0 = Release|Any CPU
		{B75B5760-7398-44BF-B89A-191688BAD5C7}.Debug|Any CPU.ActiveCfg = Debug|Any CPU
		{B75B5760-7398-44BF-B89A-191688BAD5C7}.Debug|Any CPU.Build.0 = Debug|Any CPU
		{B75B5760-7398-44BF-B89A-191688BAD5C7}.Release|Any CPU.ActiveCfg = Release|Any CPU
		{B75B5760-7398-44BF-B89A-191688BAD5C7}.Release|Any CPU.Build.0 = Release|Any CPU
		{791846D5-A5E4-4A7D-898B-DE8B10116463}.Debug|Any CPU.ActiveCfg = Debug|Any CPU
		{791846D5-A5E4-4A7D-898B-DE8B10116463}.Debug|Any CPU.Build.0 = Debug|Any CPU
		{791846D5-A5E4-4A7D-898B-DE8B10116463}.Release|Any CPU.ActiveCfg = Release|Any CPU
		{791846D5-A5E4-4A7D-898B-DE8B10116463}.Release|Any CPU.Build.0 = Release|Any CPU
		{00C7AC21-4472-438B-BAA5-B314436FCEAD}.Debug|Any CPU.ActiveCfg = Debug|Any CPU
		{00C7AC21-4472-438B-BAA5-B314436FCEAD}.Debug|Any CPU.Build.0 = Debug|Any CPU
		{00C7AC21-4472-438B-BAA5-B314436FCEAD}.Release|Any CPU.ActiveCfg = Release|Any CPU
		{00C7AC21-4472-438B-BAA5-B314436FCEAD}.Release|Any CPU.Build.0 = Release|Any CPU
		{493B8EA0-E1F9-450F-84C5-62252375A52C}.Debug|Any CPU.ActiveCfg = Debug|Any CPU
		{493B8EA0-E1F9-450F-84C5-62252375A52C}.Debug|Any CPU.Build.0 = Debug|Any CPU
		{493B8EA0-E1F9-450F-84C5-62252375A52C}.Release|Any CPU.ActiveCfg = Release|Any CPU
		{493B8EA0-E1F9-450F-84C5-62252375A52C}.Release|Any CPU.Build.0 = Release|Any CPU
		{C6404286-E20E-4274-8C59-8ACC5343B853}.Debug|Any CPU.ActiveCfg = Debug|Any CPU
		{C6404286-E20E-4274-8C59-8ACC5343B853}.Debug|Any CPU.Build.0 = Debug|Any CPU
		{C6404286-E20E-4274-8C59-8ACC5343B853}.Release|Any CPU.ActiveCfg = Release|Any CPU
		{C6404286-E20E-4274-8C59-8ACC5343B853}.Release|Any CPU.Build.0 = Release|Any CPU
		{5A323D8A-51C1-4CE9-8406-025B7A61866B}.Debug|Any CPU.ActiveCfg = Debug|Any CPU
		{5A323D8A-51C1-4CE9-8406-025B7A61866B}.Debug|Any CPU.Build.0 = Debug|Any CPU
		{5A323D8A-51C1-4CE9-8406-025B7A61866B}.Release|Any CPU.ActiveCfg = Release|Any CPU
		{5A323D8A-51C1-4CE9-8406-025B7A61866B}.Release|Any CPU.Build.0 = Release|Any CPU
		{CD46FE4A-DA42-4A05-A23C-F1CE6D393D22}.Debug|Any CPU.ActiveCfg = Debug|Any CPU
		{CD46FE4A-DA42-4A05-A23C-F1CE6D393D22}.Debug|Any CPU.Build.0 = Debug|Any CPU
		{CD46FE4A-DA42-4A05-A23C-F1CE6D393D22}.Release|Any CPU.ActiveCfg = Release|Any CPU
		{CD46FE4A-DA42-4A05-A23C-F1CE6D393D22}.Release|Any CPU.Build.0 = Release|Any CPU
		{F027EEF4-062A-478C-8897-2AC0174001EB}.Debug|Any CPU.ActiveCfg = Debug|Any CPU
		{F027EEF4-062A-478C-8897-2AC0174001EB}.Debug|Any CPU.Build.0 = Debug|Any CPU
		{F027EEF4-062A-478C-8897-2AC0174001EB}.Release|Any CPU.ActiveCfg = Release|Any CPU
		{F027EEF4-062A-478C-8897-2AC0174001EB}.Release|Any CPU.Build.0 = Release|Any CPU
		{E262443E-224C-43F3-8389-C643F99D6C80}.Debug|Any CPU.ActiveCfg = Debug|Any CPU
		{E262443E-224C-43F3-8389-C643F99D6C80}.Debug|Any CPU.Build.0 = Debug|Any CPU
		{E262443E-224C-43F3-8389-C643F99D6C80}.Release|Any CPU.ActiveCfg = Release|Any CPU
		{E262443E-224C-43F3-8389-C643F99D6C80}.Release|Any CPU.Build.0 = Release|Any CPU
		{F2865C0F-0C60-4823-A37A-84823F2046DD}.Debug|Any CPU.ActiveCfg = Debug|Any CPU
		{F2865C0F-0C60-4823-A37A-84823F2046DD}.Debug|Any CPU.Build.0 = Debug|Any CPU
		{F2865C0F-0C60-4823-A37A-84823F2046DD}.Release|Any CPU.ActiveCfg = Release|Any CPU
		{F2865C0F-0C60-4823-A37A-84823F2046DD}.Release|Any CPU.Build.0 = Release|Any CPU
		{E3F07FBC-C2AE-4ABC-975D-CE81F98CB566}.Debug|Any CPU.ActiveCfg = Debug|Any CPU
		{E3F07FBC-C2AE-4ABC-975D-CE81F98CB566}.Debug|Any CPU.Build.0 = Debug|Any CPU
		{E3F07FBC-C2AE-4ABC-975D-CE81F98CB566}.Release|Any CPU.ActiveCfg = Release|Any CPU
		{E3F07FBC-C2AE-4ABC-975D-CE81F98CB566}.Release|Any CPU.Build.0 = Release|Any CPU
		{B3838A37-8DE3-489F-83EC-4E8DD21283E2}.Debug|Any CPU.ActiveCfg = Debug|Any CPU
		{B3838A37-8DE3-489F-83EC-4E8DD21283E2}.Debug|Any CPU.Build.0 = Debug|Any CPU
		{B3838A37-8DE3-489F-83EC-4E8DD21283E2}.Release|Any CPU.ActiveCfg = Release|Any CPU
		{B3838A37-8DE3-489F-83EC-4E8DD21283E2}.Release|Any CPU.Build.0 = Release|Any CPU
		{55935961-6486-4CDF-A263-FF0BD957E5A1}.Debug|Any CPU.ActiveCfg = Debug|Any CPU
		{55935961-6486-4CDF-A263-FF0BD957E5A1}.Debug|Any CPU.Build.0 = Debug|Any CPU
		{55935961-6486-4CDF-A263-FF0BD957E5A1}.Release|Any CPU.ActiveCfg = Release|Any CPU
		{55935961-6486-4CDF-A263-FF0BD957E5A1}.Release|Any CPU.Build.0 = Release|Any CPU
		{D1304E80-5D8E-4D9A-AADD-CA43A6C44EF1}.Debug|Any CPU.ActiveCfg = Debug|Any CPU
		{D1304E80-5D8E-4D9A-AADD-CA43A6C44EF1}.Debug|Any CPU.Build.0 = Debug|Any CPU
		{D1304E80-5D8E-4D9A-AADD-CA43A6C44EF1}.Release|Any CPU.ActiveCfg = Release|Any CPU
		{D1304E80-5D8E-4D9A-AADD-CA43A6C44EF1}.Release|Any CPU.Build.0 = Release|Any CPU
		{2CCE7801-5E1F-4E05-AA54-AA5C15F9E19B}.Debug|Any CPU.ActiveCfg = Debug|Any CPU
		{2CCE7801-5E1F-4E05-AA54-AA5C15F9E19B}.Debug|Any CPU.Build.0 = Debug|Any CPU
		{2CCE7801-5E1F-4E05-AA54-AA5C15F9E19B}.Release|Any CPU.ActiveCfg = Release|Any CPU
		{2CCE7801-5E1F-4E05-AA54-AA5C15F9E19B}.Release|Any CPU.Build.0 = Release|Any CPU
		{ADAC24BB-0FC1-4325-8C4C-2AD542ABDD16}.Debug|Any CPU.ActiveCfg = Debug|Any CPU
		{ADAC24BB-0FC1-4325-8C4C-2AD542ABDD16}.Debug|Any CPU.Build.0 = Debug|Any CPU
		{ADAC24BB-0FC1-4325-8C4C-2AD542ABDD16}.Release|Any CPU.ActiveCfg = Release|Any CPU
		{ADAC24BB-0FC1-4325-8C4C-2AD542ABDD16}.Release|Any CPU.Build.0 = Release|Any CPU
		{6B3DC522-C6CB-4558-9332-576AFD8903CE}.Debug|Any CPU.ActiveCfg = Debug|Any CPU
		{6B3DC522-C6CB-4558-9332-576AFD8903CE}.Debug|Any CPU.Build.0 = Debug|Any CPU
		{6B3DC522-C6CB-4558-9332-576AFD8903CE}.Release|Any CPU.ActiveCfg = Release|Any CPU
		{6B3DC522-C6CB-4558-9332-576AFD8903CE}.Release|Any CPU.Build.0 = Release|Any CPU
		{16437113-001B-4A53-A9EC-67B6E6DAF42F}.Debug|Any CPU.ActiveCfg = Debug|Any CPU
		{16437113-001B-4A53-A9EC-67B6E6DAF42F}.Debug|Any CPU.Build.0 = Debug|Any CPU
		{16437113-001B-4A53-A9EC-67B6E6DAF42F}.Release|Any CPU.ActiveCfg = Release|Any CPU
		{16437113-001B-4A53-A9EC-67B6E6DAF42F}.Release|Any CPU.Build.0 = Release|Any CPU
	EndGlobalSection
	GlobalSection(SolutionProperties) = preSolution
		HideSolutionNode = FALSE
	EndGlobalSection
EndGlobal
