
Microsoft Visual Studio Solution File, Format Version 12.00
# Visual Studio 14
VisualStudioVersion = 14.0.24720.0
MinimumVisualStudioVersion = 10.0.40219.1
Project("{FAE04EC0-301F-11D3-BF4B-00C04F79EFBC}") = "Web", "Web\Web.csproj", "{3900B52C-07D9-4D6D-9D50-8B1E19E2BF78}"
EndProject
Project("{FAE04EC0-301F-11D3-BF4B-00C04F79EFBC}") = "Web.Tests", "Web.Tests\Web.Tests.csproj", "{CC64EAD3-F038-433F-A232-E9ADA690A4AE}"
EndProject
Project("{FAE04EC0-301F-11D3-BF4B-00C04F79EFBC}") = "Model", "..\Model\Model\Model.csproj", "{6EAAEF9B-FAF9-4443-BD1C-04D300F4EB70}"
EndProject
Project("{FAE04EC0-301F-11D3-BF4B-00C04F79EFBC}") = "IDAL", "..\IDAL\IDAL\IDAL.csproj", "{81234F75-40C1-43ED-9A88-E67E9D6E3CEC}"
EndProject
Project("{FAE04EC0-301F-11D3-BF4B-00C04F79EFBC}") = "DAL", "..\DAL\DAL\DAL.csproj", "{196143BD-8F4F-499A-8910-469FB8EC64DF}"
EndProject
Project("{FAE04EC0-301F-11D3-BF4B-00C04F79EFBC}") = "BLL", "..\BLL\BLL\BLL.csproj", "{DDD07EA1-7ECE-45BF-B73F-FFB2CC0F4713}"
EndProject
Project("{FAE04EC0-301F-11D3-BF4B-00C04F79EFBC}") = "IBLL", "..\IBLL\IBLL\IBLL.csproj", "{D9833B52-7170-44E0-9A95-BE52DC922999}"
EndProject
Project("{FAE04EC0-301F-11D3-BF4B-00C04F79EFBC}") = "Commons", "..\Commons\Commons\Commons.csproj", "{3D18BE95-5CC6-4468-953D-5EE662558046}"
EndProject
Project("{FAE04EC0-301F-11D3-BF4B-00C04F79EFBC}") = "BLLFactory", "..\BLLFactory\BLLFactory\BLLFactory.csproj", "{D69F95CD-5BDE-45C4-9C22-4197580D9825}"
EndProject
Project("{FAE04EC0-301F-11D3-BF4B-00C04F79EFBC}") = "DALFactory", "..\DALFactory\DALFactory\DALFactory.csproj", "{7EAEB9D9-23C3-4123-92BD-1CD364410E17}"
EndProject
Project("{FAE04EC0-301F-11D3-BF4B-00C04F79EFBC}") = "控制台测试", "..\控制台测试\控制台测试\控制台测试.csproj", "{DC48131E-22E9-44EC-B275-B5949BBA7939}"
EndProject
Project("{FAE04EC0-301F-11D3-BF4B-00C04F79EFBC}") = "MyCache", "..\MyCache\MyCache\MyCache.csproj", "{C11B87B4-EDC5-403A-A6BF-E2B295279DCD}"
EndProject
Project("{FAE04EC0-301F-11D3-BF4B-00C04F79EFBC}") = "ExceptionUtil", "..\ExceptionUtil\ExceptionUtil\ExceptionUtil.csproj", "{3E4839DE-B665-41AE-8A9B-7267A76BFBF0}"
EndProject
Project("{FAE04EC0-301F-11D3-BF4B-00C04F79EFBC}") = "BLLFactoryTests", "BLLFactoryTests\BLLFactoryTests.csproj", "{CC0295A2-62B6-4FFF-9C2B-3EB083A1586A}"
EndProject
Project("{FAE04EC0-301F-11D3-BF4B-00C04F79EFBC}") = "DALFactoryTests", "DALFactoryTests\DALFactoryTests.csproj", "{936D9C1A-12F4-4F21-867C-3C04E5F47066}"
EndProject
Project("{FAE04EC0-301F-11D3-BF4B-00C04F79EFBC}") = "反射", "..\反射\反射\反射.csproj", "{32495CED-A4CB-4CCC-AF06-CA284CF0ADB2}"
EndProject
Project("{FAE04EC0-301F-11D3-BF4B-00C04F79EFBC}") = "SIP", "..\SIP\SIP\SIP.csproj", "{E1259FCE-CCA9-4D39-8C46-FBC20258C726}"
EndProject
Project("{FAE04EC0-301F-11D3-BF4B-00C04F79EFBC}") = "视频编解码", "..\视频编解码\视频编解码\视频编解码.csproj", "{E8E23378-A5D9-45BB-8FA6-A4ECF313BE60}"
EndProject
Project("{FAE04EC0-301F-11D3-BF4B-00C04F79EFBC}") = "测试.net验证", "..\测试.net验证\测试.net验证\测试.net验证.csproj", "{F8889475-3913-4184-ABFD-BE6F2CB1C2FF}"
EndProject
Project("{FAE04EC0-301F-11D3-BF4B-00C04F79EFBC}") = "Criteria", "..\Criteria\Criteria\Criteria.csproj", "{48163420-5955-4B32-AEDE-9201681F3DCF}"
EndProject
Project("{FAE04EC0-301F-11D3-BF4B-00C04F79EFBC}") = "SSH", "..\SSH\SSH\SSH.csproj", "{E4F1C8DF-5556-4082-9904-18E37C5F5D6D}"
EndProject
Global
	GlobalSection(SolutionConfigurationPlatforms) = preSolution
		Debug|Any CPU = Debug|Any CPU
		Release|Any CPU = Release|Any CPU
	EndGlobalSection
	GlobalSection(ProjectConfigurationPlatforms) = postSolution
		{3900B52C-07D9-4D6D-9D50-8B1E19E2BF78}.Debug|Any CPU.ActiveCfg = Debug|Any CPU
		{3900B52C-07D9-4D6D-9D50-8B1E19E2BF78}.Debug|Any CPU.Build.0 = Debug|Any CPU
		{3900B52C-07D9-4D6D-9D50-8B1E19E2BF78}.Release|Any CPU.ActiveCfg = Release|Any CPU
		{3900B52C-07D9-4D6D-9D50-8B1E19E2BF78}.Release|Any CPU.Build.0 = Release|Any CPU
		{CC64EAD3-F038-433F-A232-E9ADA690A4AE}.Debug|Any CPU.ActiveCfg = Debug|Any CPU
		{CC64EAD3-F038-433F-A232-E9ADA690A4AE}.Debug|Any CPU.Build.0 = Debug|Any CPU
		{CC64EAD3-F038-433F-A232-E9ADA690A4AE}.Release|Any CPU.ActiveCfg = Release|Any CPU
		{CC64EAD3-F038-433F-A232-E9ADA690A4AE}.Release|Any CPU.Build.0 = Release|Any CPU
		{6EAAEF9B-FAF9-4443-BD1C-04D300F4EB70}.Debug|Any CPU.ActiveCfg = Debug|Any CPU
		{6EAAEF9B-FAF9-4443-BD1C-04D300F4EB70}.Debug|Any CPU.Build.0 = Debug|Any CPU
		{6EAAEF9B-FAF9-4443-BD1C-04D300F4EB70}.Release|Any CPU.ActiveCfg = Release|Any CPU
		{6EAAEF9B-FAF9-4443-BD1C-04D300F4EB70}.Release|Any CPU.Build.0 = Release|Any CPU
		{81234F75-40C1-43ED-9A88-E67E9D6E3CEC}.Debug|Any CPU.ActiveCfg = Debug|Any CPU
		{81234F75-40C1-43ED-9A88-E67E9D6E3CEC}.Debug|Any CPU.Build.0 = Debug|Any CPU
		{81234F75-40C1-43ED-9A88-E67E9D6E3CEC}.Release|Any CPU.ActiveCfg = Release|Any CPU
		{81234F75-40C1-43ED-9A88-E67E9D6E3CEC}.Release|Any CPU.Build.0 = Release|Any CPU
		{196143BD-8F4F-499A-8910-469FB8EC64DF}.Debug|Any CPU.ActiveCfg = Debug|Any CPU
		{196143BD-8F4F-499A-8910-469FB8EC64DF}.Debug|Any CPU.Build.0 = Debug|Any CPU
		{196143BD-8F4F-499A-8910-469FB8EC64DF}.Release|Any CPU.ActiveCfg = Release|Any CPU
		{196143BD-8F4F-499A-8910-469FB8EC64DF}.Release|Any CPU.Build.0 = Release|Any CPU
		{DDD07EA1-7ECE-45BF-B73F-FFB2CC0F4713}.Debug|Any CPU.ActiveCfg = Debug|Any CPU
		{DDD07EA1-7ECE-45BF-B73F-FFB2CC0F4713}.Debug|Any CPU.Build.0 = Debug|Any CPU
		{DDD07EA1-7ECE-45BF-B73F-FFB2CC0F4713}.Release|Any CPU.ActiveCfg = Release|Any CPU
		{DDD07EA1-7ECE-45BF-B73F-FFB2CC0F4713}.Release|Any CPU.Build.0 = Release|Any CPU
		{D9833B52-7170-44E0-9A95-BE52DC922999}.Debug|Any CPU.ActiveCfg = Debug|Any CPU
		{D9833B52-7170-44E0-9A95-BE52DC922999}.Debug|Any CPU.Build.0 = Debug|Any CPU
		{D9833B52-7170-44E0-9A95-BE52DC922999}.Release|Any CPU.ActiveCfg = Release|Any CPU
		{D9833B52-7170-44E0-9A95-BE52DC922999}.Release|Any CPU.Build.0 = Release|Any CPU
		{3D18BE95-5CC6-4468-953D-5EE662558046}.Debug|Any CPU.ActiveCfg = Debug|Any CPU
		{3D18BE95-5CC6-4468-953D-5EE662558046}.Debug|Any CPU.Build.0 = Debug|Any CPU
		{3D18BE95-5CC6-4468-953D-5EE662558046}.Release|Any CPU.ActiveCfg = Release|Any CPU
		{3D18BE95-5CC6-4468-953D-5EE662558046}.Release|Any CPU.Build.0 = Release|Any CPU
		{D69F95CD-5BDE-45C4-9C22-4197580D9825}.Debug|Any CPU.ActiveCfg = Debug|Any CPU
		{D69F95CD-5BDE-45C4-9C22-4197580D9825}.Debug|Any CPU.Build.0 = Debug|Any CPU
		{D69F95CD-5BDE-45C4-9C22-4197580D9825}.Release|Any CPU.ActiveCfg = Release|Any CPU
		{D69F95CD-5BDE-45C4-9C22-4197580D9825}.Release|Any CPU.Build.0 = Release|Any CPU
		{7EAEB9D9-23C3-4123-92BD-1CD364410E17}.Debug|Any CPU.ActiveCfg = Debug|Any CPU
		{7EAEB9D9-23C3-4123-92BD-1CD364410E17}.Debug|Any CPU.Build.0 = Debug|Any CPU
		{7EAEB9D9-23C3-4123-92BD-1CD364410E17}.Release|Any CPU.ActiveCfg = Release|Any CPU
		{7EAEB9D9-23C3-4123-92BD-1CD364410E17}.Release|Any CPU.Build.0 = Release|Any CPU
		{DC48131E-22E9-44EC-B275-B5949BBA7939}.Debug|Any CPU.ActiveCfg = Debug|Any CPU
		{DC48131E-22E9-44EC-B275-B5949BBA7939}.Debug|Any CPU.Build.0 = Debug|Any CPU
		{DC48131E-22E9-44EC-B275-B5949BBA7939}.Release|Any CPU.ActiveCfg = Release|Any CPU
		{DC48131E-22E9-44EC-B275-B5949BBA7939}.Release|Any CPU.Build.0 = Release|Any CPU
		{C11B87B4-EDC5-403A-A6BF-E2B295279DCD}.Debug|Any CPU.ActiveCfg = Debug|Any CPU
		{C11B87B4-EDC5-403A-A6BF-E2B295279DCD}.Debug|Any CPU.Build.0 = Debug|Any CPU
		{C11B87B4-EDC5-403A-A6BF-E2B295279DCD}.Release|Any CPU.ActiveCfg = Release|Any CPU
		{C11B87B4-EDC5-403A-A6BF-E2B295279DCD}.Release|Any CPU.Build.0 = Release|Any CPU
		{3E4839DE-B665-41AE-8A9B-7267A76BFBF0}.Debug|Any CPU.ActiveCfg = Debug|Any CPU
		{3E4839DE-B665-41AE-8A9B-7267A76BFBF0}.Debug|Any CPU.Build.0 = Debug|Any CPU
		{3E4839DE-B665-41AE-8A9B-7267A76BFBF0}.Release|Any CPU.ActiveCfg = Release|Any CPU
		{3E4839DE-B665-41AE-8A9B-7267A76BFBF0}.Release|Any CPU.Build.0 = Release|Any CPU
		{CC0295A2-62B6-4FFF-9C2B-3EB083A1586A}.Debug|Any CPU.ActiveCfg = Debug|Any CPU
		{CC0295A2-62B6-4FFF-9C2B-3EB083A1586A}.Debug|Any CPU.Build.0 = Debug|Any CPU
		{CC0295A2-62B6-4FFF-9C2B-3EB083A1586A}.Release|Any CPU.ActiveCfg = Release|Any CPU
		{CC0295A2-62B6-4FFF-9C2B-3EB083A1586A}.Release|Any CPU.Build.0 = Release|Any CPU
		{936D9C1A-12F4-4F21-867C-3C04E5F47066}.Debug|Any CPU.ActiveCfg = Debug|Any CPU
		{936D9C1A-12F4-4F21-867C-3C04E5F47066}.Debug|Any CPU.Build.0 = Debug|Any CPU
		{936D9C1A-12F4-4F21-867C-3C04E5F47066}.Release|Any CPU.ActiveCfg = Release|Any CPU
		{936D9C1A-12F4-4F21-867C-3C04E5F47066}.Release|Any CPU.Build.0 = Release|Any CPU
		{32495CED-A4CB-4CCC-AF06-CA284CF0ADB2}.Debug|Any CPU.ActiveCfg = Debug|Any CPU
		{32495CED-A4CB-4CCC-AF06-CA284CF0ADB2}.Debug|Any CPU.Build.0 = Debug|Any CPU
		{32495CED-A4CB-4CCC-AF06-CA284CF0ADB2}.Release|Any CPU.ActiveCfg = Release|Any CPU
		{32495CED-A4CB-4CCC-AF06-CA284CF0ADB2}.Release|Any CPU.Build.0 = Release|Any CPU
		{E1259FCE-CCA9-4D39-8C46-FBC20258C726}.Debug|Any CPU.ActiveCfg = Debug|Any CPU
		{E1259FCE-CCA9-4D39-8C46-FBC20258C726}.Debug|Any CPU.Build.0 = Debug|Any CPU
		{E1259FCE-CCA9-4D39-8C46-FBC20258C726}.Release|Any CPU.ActiveCfg = Release|Any CPU
		{E1259FCE-CCA9-4D39-8C46-FBC20258C726}.Release|Any CPU.Build.0 = Release|Any CPU
		{E8E23378-A5D9-45BB-8FA6-A4ECF313BE60}.Debug|Any CPU.ActiveCfg = Debug|Any CPU
		{E8E23378-A5D9-45BB-8FA6-A4ECF313BE60}.Debug|Any CPU.Build.0 = Debug|Any CPU
		{E8E23378-A5D9-45BB-8FA6-A4ECF313BE60}.Release|Any CPU.ActiveCfg = Release|Any CPU
		{E8E23378-A5D9-45BB-8FA6-A4ECF313BE60}.Release|Any CPU.Build.0 = Release|Any CPU
		{F8889475-3913-4184-ABFD-BE6F2CB1C2FF}.Debug|Any CPU.ActiveCfg = Debug|Any CPU
		{F8889475-3913-4184-ABFD-BE6F2CB1C2FF}.Debug|Any CPU.Build.0 = Debug|Any CPU
		{F8889475-3913-4184-ABFD-BE6F2CB1C2FF}.Release|Any CPU.ActiveCfg = Release|Any CPU
		{F8889475-3913-4184-ABFD-BE6F2CB1C2FF}.Release|Any CPU.Build.0 = Release|Any CPU
		{48163420-5955-4B32-AEDE-9201681F3DCF}.Debug|Any CPU.ActiveCfg = Debug|Any CPU
		{48163420-5955-4B32-AEDE-9201681F3DCF}.Debug|Any CPU.Build.0 = Debug|Any CPU
		{48163420-5955-4B32-AEDE-9201681F3DCF}.Release|Any CPU.ActiveCfg = Release|Any CPU
		{48163420-5955-4B32-AEDE-9201681F3DCF}.Release|Any CPU.Build.0 = Release|Any CPU
		{E4F1C8DF-5556-4082-9904-18E37C5F5D6D}.Debug|Any CPU.ActiveCfg = Debug|Any CPU
		{E4F1C8DF-5556-4082-9904-18E37C5F5D6D}.Debug|Any CPU.Build.0 = Debug|Any CPU
		{E4F1C8DF-5556-4082-9904-18E37C5F5D6D}.Release|Any CPU.ActiveCfg = Release|Any CPU
		{E4F1C8DF-5556-4082-9904-18E37C5F5D6D}.Release|Any CPU.Build.0 = Release|Any CPU
	EndGlobalSection
	GlobalSection(SolutionProperties) = preSolution
		HideSolutionNode = FALSE
	EndGlobalSection
EndGlobal
